
Microsoft Visual Studio Solution File, Format Version 12.00
# Visual Studio Version 16
VisualStudioVersion = 16.0.30330.147
MinimumVisualStudioVersion = 10.0.40219.1
Project("{FAE04EC0-301F-11D3-BF4B-00C04F79EFBC}") = "Suma", "Suma\Suma.csproj", "{9EDD2DAA-B3C5-492A-AD43-2A1F7896F7E5}"
EndProject
Global
	GlobalSection(SolutionConfigurationPlatforms) = preSolution
		Debug|Any CPU = Debug|Any CPU
		Release|Any CPU = Release|Any CPU
	EndGlobalSection
	GlobalSection(ProjectConfigurationPlatforms) = postSolution
		{9EDD2DAA-B3C5-492A-AD43-2A1F7896F7E5}.Debug|Any CPU.ActiveCfg = Debug|Any CPU
		{9EDD2DAA-B3C5-492A-AD43-2A1F7896F7E5}.Debug|Any CPU.Build.0 = Debug|Any CPU
		{9EDD2DAA-B3C5-492A-AD43-2A1F7896F7E5}.Release|Any CPU.ActiveCfg = Release|Any CPU
		{9EDD2DAA-B3C5-492A-AD43-2A1F7896F7E5}.Release|Any CPU.Build.0 = Release|Any CPU
	EndGlobalSection
	GlobalSection(SolutionProperties) = preSolution
		HideSolutionNode = FALSE
	EndGlobalSection
	GlobalSection(ExtensibilityGlobals) = postSolution
		SolutionGuid = {459A4E76-EF32-47B9-AABE-1C40C38E2509}
	EndGlobalSection
EndGlobal
